
Microsoft Visual Studio Solution File, Format Version 12.00
# Visual Studio 15
VisualStudioVersion = 15.0.28010.2026
MinimumVisualStudioVersion = 10.0.40219.1
Project("{FAE04EC0-301F-11D3-BF4B-00C04F79EFBC}") = "WindowsFormsAppTest", "WindowsFormsAppTest.csproj", "{B5249146-1488-4F1A-B71C-7476881DD281}"
EndProject
Global
	GlobalSection(SolutionConfigurationPlatforms) = preSolution
		Debug|Any CPU = Debug|Any CPU
		Release|Any CPU = Release|Any CPU
	EndGlobalSection
	GlobalSection(ProjectConfigurationPlatforms) = postSolution
		{B5249146-1488-4F1A-B71C-7476881DD281}.Debug|Any CPU.ActiveCfg = Debug|Any CPU
		{B5249146-1488-4F1A-B71C-7476881DD281}.Debug|Any CPU.Build.0 = Debug|Any CPU
		{B5249146-1488-4F1A-B71C-7476881DD281}.Release|Any CPU.ActiveCfg = Release|Any CPU
		{B5249146-1488-4F1A-B71C-7476881DD281}.Release|Any CPU.Build.0 = Release|Any CPU
	EndGlobalSection
	GlobalSection(SolutionProperties) = preSolution
		HideSolutionNode = FALSE
	EndGlobalSection
	GlobalSection(ExtensibilityGlobals) = postSolution
		SolutionGuid = {8B5E5E59-D846-45C7-82D1-BA50444E3F5D}
	EndGlobalSection
EndGlobal
